
Microsoft Visual Studio Solution File, Format Version 12.00
# Visual Studio Version 16
VisualStudioVersion = 16.0.30413.136
MinimumVisualStudioVersion = 10.0.40219.1
Project("{FAE04EC0-301F-11D3-BF4B-00C04F79EFBC}") = "EmployeeApp", "HandleEmployees\EmployeeApp.csproj", "{1D2B72FF-74B9-4999-8639-855DDCF548BF}"
EndProject
Project("{FAE04EC0-301F-11D3-BF4B-00C04F79EFBC}") = "AdminApp", "AdminApp\AdminApp.csproj", "{50D8E3CF-C68E-451B-BB0D-C92313A6D205}"
EndProject
Project("{FAE04EC0-301F-11D3-BF4B-00C04F79EFBC}") = "Library", "Library\Library.csproj", "{C51D0B0F-66A7-4398-A059-15BFF0E47E85}"
EndProject
Global
	GlobalSection(SolutionConfigurationPlatforms) = preSolution
		Debug|Any CPU = Debug|Any CPU
		Release|Any CPU = Release|Any CPU
	EndGlobalSection
	GlobalSection(ProjectConfigurationPlatforms) = postSolution
		{1D2B72FF-74B9-4999-8639-855DDCF548BF}.Debug|Any CPU.ActiveCfg = Debug|Any CPU
		{1D2B72FF-74B9-4999-8639-855DDCF548BF}.Debug|Any CPU.Build.0 = Debug|Any CPU
		{1D2B72FF-74B9-4999-8639-855DDCF548BF}.Release|Any CPU.ActiveCfg = Release|Any CPU
		{1D2B72FF-74B9-4999-8639-855DDCF548BF}.Release|Any CPU.Build.0 = Release|Any CPU
		{50D8E3CF-C68E-451B-BB0D-C92313A6D205}.Debug|Any CPU.ActiveCfg = Debug|Any CPU
		{50D8E3CF-C68E-451B-BB0D-C92313A6D205}.Debug|Any CPU.Build.0 = Debug|Any CPU
		{50D8E3CF-C68E-451B-BB0D-C92313A6D205}.Release|Any CPU.ActiveCfg = Release|Any CPU
		{50D8E3CF-C68E-451B-BB0D-C92313A6D205}.Release|Any CPU.Build.0 = Release|Any CPU
		{C51D0B0F-66A7-4398-A059-15BFF0E47E85}.Debug|Any CPU.ActiveCfg = Debug|Any CPU
		{C51D0B0F-66A7-4398-A059-15BFF0E47E85}.Debug|Any CPU.Build.0 = Debug|Any CPU
		{C51D0B0F-66A7-4398-A059-15BFF0E47E85}.Release|Any CPU.ActiveCfg = Release|Any CPU
		{C51D0B0F-66A7-4398-A059-15BFF0E47E85}.Release|Any CPU.Build.0 = Release|Any CPU
	EndGlobalSection
	GlobalSection(SolutionProperties) = preSolution
		HideSolutionNode = FALSE
	EndGlobalSection
	GlobalSection(ExtensibilityGlobals) = postSolution
		SolutionGuid = {C151FCE9-3758-49A4-8FCC-15052963A8A8}
	EndGlobalSection
EndGlobal
